
Microsoft Visual Studio Solution File, Format Version 12.00
# Visual Studio 15
VisualStudioVersion = 15.0.28307.902
MinimumVisualStudioVersion = 10.0.40219.1
Project("{FAE04EC0-301F-11D3-BF4B-00C04F79EFBC}") = "ChangeFace", "ChangeFace\ChangeFace.csproj", "{28AF315B-8AD4-4374-8C75-F664E8C6333A}"
EndProject
Project("{FAE04EC0-301F-11D3-BF4B-00C04F79EFBC}") = "Microsoft.Samples.Kinect.WpfViewers", "E:\kn_sample\KinectWpfViewers\Microsoft.Samples.Kinect.WpfViewers.csproj", "{4DE23893-27E7-423F-9BB6-BA21DAC2C45E}"
EndProject
Global
	GlobalSection(SolutionConfigurationPlatforms) = preSolution
		Debug|Any CPU = Debug|Any CPU
		Release|Any CPU = Release|Any CPU
	EndGlobalSection
	GlobalSection(ProjectConfigurationPlatforms) = postSolution
		{28AF315B-8AD4-4374-8C75-F664E8C6333A}.Debug|Any CPU.ActiveCfg = Debug|Any CPU
		{28AF315B-8AD4-4374-8C75-F664E8C6333A}.Debug|Any CPU.Build.0 = Debug|Any CPU
		{28AF315B-8AD4-4374-8C75-F664E8C6333A}.Release|Any CPU.ActiveCfg = Release|Any CPU
		{28AF315B-8AD4-4374-8C75-F664E8C6333A}.Release|Any CPU.Build.0 = Release|Any CPU
		{4DE23893-27E7-423F-9BB6-BA21DAC2C45E}.Debug|Any CPU.ActiveCfg = Debug|Any CPU
		{4DE23893-27E7-423F-9BB6-BA21DAC2C45E}.Debug|Any CPU.Build.0 = Debug|Any CPU
		{4DE23893-27E7-423F-9BB6-BA21DAC2C45E}.Release|Any CPU.ActiveCfg = Release|Any CPU
		{4DE23893-27E7-423F-9BB6-BA21DAC2C45E}.Release|Any CPU.Build.0 = Release|Any CPU
	EndGlobalSection
	GlobalSection(SolutionProperties) = preSolution
		HideSolutionNode = FALSE
	EndGlobalSection
	GlobalSection(ExtensibilityGlobals) = postSolution
		SolutionGuid = {D9C90891-9402-4EA8-BA5C-1FF5730317A7}
	EndGlobalSection
EndGlobal
